<?xml version="1.0" encoding="UTF-8" standalone="yes" ?>
<CodeBlocks_project_file>
	<FileVersion major="1" minor="6" />
	<Project>
		<Option title="compact" />
		<Option pch_mode="2" />
		<Option compiler="microsoft_visual_c_60" />
		<Build>
			<Target title="default">
				<Option output="compact" prefix_auto="1" extension_auto="1" />
				<Option type="0" />
				<Option compiler="microsoft_visual_c_60" />
				<Option projectCompilerOptionsRelation="1" />
				<Option projectLinkerOptionsRelation="1" />
				<Compiler>
					<Add option="/MD" />
					<Add option="/GX" />
					<Add option="/GR" />
					<Add option="/W3" />
				</Compiler>
				<Linker>
					<Add option="/SUBSYSTEM:CONSOLE" />
				</Linker>
				<ExtraCommands>
					<Add after="$(TARGET_OUTPUT_FILE) -r compact" />
					<Mode after="always" />
				</ExtraCommands>
			</Target>
		</Build>
		<Unit filename="exercise_reporter.cpp" />
		<Extensions>
			<code_completion />
			<envvars />
			<debugger />
		</Extensions>
	</Project>
</CodeBlocks_project_file>
